// !$*UTF8*$!
{
	archiveVersion = 1;
	classes = {
	};
	objectVersion = 50;
	objects = {

/* Begin PBXBuildFile section */
		75C3063628C2404800CF4ACC /* AppDelegate.swift in Sources */ = {isa = PBXBuildFile; fileRef = 75C3063528C2404800CF4ACC /* AppDelegate.swift */; };
		75C3063828C2404800CF4ACC /* SceneDelegate.swift in Sources */ = {isa = PBXBuildFile; fileRef = 75C3063728C2404800CF4ACC /* SceneDelegate.swift */; };
		75C3063A28C2404800CF4ACC /* ViewController.swift in Sources */ = {isa = PBXBuildFile; fileRef = 75C3063928C2404800CF4ACC /* ViewController.swift */; };
		75C3063D28C2404800CF4ACC /* Main.storyboard in Resources */ = {isa = PBXBuildFile; fileRef = 75C3063B28C2404800CF4ACC /* Main.storyboard */; };
		75C3063F28C2404900CF4ACC /* Assets.xcassets in Resources */ = {isa = PBXBuildFile; fileRef = 75C3063E28C2404900CF4ACC /* Assets.xcassets */; };
		75C3064228C2404900CF4ACC /* LaunchScreen.storyboard in Resources */ = {isa = PBXBuildFile; fileRef = 75C3064028C2404900CF4ACC /* LaunchScreen.storyboard */; };
		75C3064D28C2404900CF4ACC /* MovieMaxTests.swift in Sources */ = {isa = PBXBuildFile; fileRef = 75C3064C28C2404900CF4ACC /* MovieMaxTests.swift */; };
		75C3065828C2404900CF4ACC /* MovieMaxUITests.swift in Sources */ = {isa = PBXBuildFile; fileRef = 75C3065728C2404900CF4ACC /* MovieMaxUITests.swift */; };
/* End PBXBuildFile section */

/* Begin PBXContainerItemProxy section */
		75C3064928C2404900CF4ACC /* PBXContainerItemProxy */ = {
			isa = PBXContainerItemProxy;
			containerPortal = 75C3062A28C2404800CF4ACC /* Project object */;
			proxyType = 1;
			remoteGlobalIDString = 75C3063128C2404800CF4ACC;
			remoteInfo = MovieMax;
		};
		75C3065428C2404900CF4ACC /* PBXContainerItemProxy */ = {
			isa = PBXContainerItemProxy;
			containerPortal = 75C3062A28C2404800CF4ACC /* Project object */;
			proxyType = 1;
			remoteGlobalIDString = 75C3063128C2404800CF4ACC;
			remoteInfo = MovieMax;
		};
/* End PBXContainerItemProxy section */

/* Begin PBXFileReference section */
		75C3063228C2404800CF4ACC /* MovieMax.app */ = {isa = PBXFileReference; explicitFileType = wrapper.application; includeInIndex = 0; path = MovieMax.app; sourceTree = BUILT_PRODUCTS_DIR; };
		75C3063528C2404800CF4ACC /* AppDelegate.swift */ = {isa = PBXFileReference; lastKnownFileType = sourcecode.swift; path = AppDelegate.swift; sourceTree = "<group>"; };
		75C3063728C2404800CF4ACC /* SceneDelegate.swift */ = {isa = PBXFileReference; lastKnownFileType = sourcecode.swift; path = SceneDelegate.swift; sourceTree = "<group>"; };
		75C3063928C2404800CF4ACC /* ViewController.swift */ = {isa = PBXFileReference; lastKnownFileType = sourcecode.swift; path = ViewController.swift; sourceTree = "<group>"; };
		75C3063C28C2404800CF4ACC /* Base */ = {isa = PBXFileReference; lastKnownFileType = file.storyboard; name = Base; path = Base.lproj/Main.storyboard; sourceTree = "<group>"; };
		75C3063E28C2404900CF4ACC /* Assets.xcassets */ = {isa = PBXFileReference; lastKnownFileType = folder.assetcatalog; path = Assets.xcassets; sourceTree = "<group>"; };
		75C3064128C2404900CF4ACC /* Base */ = {isa = PBXFileReference; lastKnownFileType = file.storyboard; name = Base; path = Base.lproj/LaunchScreen.storyboard; sourceTree = "<group>"; };
		75C3064328C2404900CF4ACC /* Info.plist */ = {isa = PBXFileReference; lastKnownFileType = text.plist.xml; path = Info.plist; sourceTree = "<group>"; };
		75C3064828C2404900CF4ACC /* MovieMaxTests.xctest */ = {isa = PBXFileReference; explicitFileType = wrapper.cfbundle; includeInIndex = 0; path = MovieMaxTests.xctest; sourceTree = BUILT_PRODUCTS_DIR; };
		75C3064C28C2404900CF4ACC /* MovieMaxTests.swift */ = {isa = PBXFileReference; lastKnownFileType = sourcecode.swift; path = MovieMaxTests.swift; sourceTree = "<group>"; };
		75C3064E28C2404900CF4ACC /* Info.plist */ = {isa = PBXFileReference; lastKnownFileType = text.plist.xml; path = Info.plist; sourceTree = "<group>"; };
		75C3065328C2404900CF4ACC /* MovieMaxUITests.xctest */ = {isa = PBXFileReference; explicitFileType = wrapper.cfbundle; includeInIndex = 0; path = MovieMaxUITests.xctest; sourceTree = BUILT_PRODUCTS_DIR; };
		75C3065728C2404900CF4ACC /* MovieMaxUITests.swift */ = {isa = PBXFileReference; lastKnownFileType = sourcecode.swift; path = MovieMaxUITests.swift; sourceTree = "<group>"; };
		75C3065928C2404900CF4ACC /* Info.plist */ = {isa = PBXFileReference; lastKnownFileType = text.plist.xml; path = Info.plist; sourceTree = "<group>"; };
/* End PBXFileReference section */

/* Begin PBXFrameworksBuildPhase section */
		75C3062F28C2404800CF4ACC /* Frameworks */ = {
			isa = PBXFrameworksBuildPhase;
			buildActionMask = 2147483647;
			files = (
			);
			runOnlyForDeploymentPostprocessing = 0;
		};
		75C3064528C2404900CF4ACC /* Frameworks */ = {
			isa = PBXFrameworksBuildPhase;
			buildActionMask = 2147483647;
			files = (
			);
			runOnlyForDeploymentPostprocessing = 0;
		};
		75C3065028C2404900CF4ACC /* Frameworks */ = {
			isa = PBXFrameworksBuildPhase;
			buildActionMask = 2147483647;
			files = (
			);
			runOnlyForDeploymentPostprocessing = 0;
		};
/* End PBXFrameworksBuildPhase section */

/* Begin PBXGroup section */
		75C3062928C2404800CF4ACC = {
			isa = PBXGroup;
			children = (
				75C3063428C2404800CF4ACC /* MovieMax */,
				75C3064B28C2404900CF4ACC /* MovieMaxTests */,
				75C3065628C2404900CF4ACC /* MovieMaxUITests */,
				75C3063328C2404800CF4ACC /* Products */,
			);
			sourceTree = "<group>";
		};
		75C3063328C2404800CF4ACC /* Products */ = {
			isa = PBXGroup;
			children = (
				75C3063228C2404800CF4ACC /* MovieMax.app */,
				75C3064828C2404900CF4ACC /* MovieMaxTests.xctest */,
				75C3065328C2404900CF4ACC /* MovieMaxUITests.xctest */,
			);
			name = Products;
			sourceTree = "<group>";
		};
		75C3063428C2404800CF4ACC /* MovieMax */ = {
			isa = PBXGroup;
			children = (
				75C3063528C2404800CF4ACC /* AppDelegate.swift */,
				75C3063728C2404800CF4ACC /* SceneDelegate.swift */,
				75C3063928C2404800CF4ACC /* ViewController.swift */,
				75C3063B28C2404800CF4ACC /* Main.storyboard */,
				75C3063E28C2404900CF4ACC /* Assets.xcassets */,
				75C3064028C2404900CF4ACC /* LaunchScreen.storyboard */,
				75C3064328C2404900CF4ACC /* Info.plist */,
			);
			path = MovieMax;
			sourceTree = "<group>";
		};
		75C3064B28C2404900CF4ACC /* MovieMaxTests */ = {
			isa = PBXGroup;
			children = (
				75C3064C28C2404900CF4ACC /* MovieMaxTests.swift */,
				75C3064E28C2404900CF4ACC /* Info.plist */,
			);
			path = MovieMaxTests;
			sourceTree = "<group>";
		};
		75C3065628C2404900CF4ACC /* MovieMaxUITests */ = {
			isa = PBXGroup;
			children = (
				75C3065728C2404900CF4ACC /* MovieMaxUITests.swift */,
				75C3065928C2404900CF4ACC /* Info.plist */,
			);
			path = MovieMaxUITests;
			sourceTree = "<group>";
		};
/* End PBXGroup section */

/* Begin PBXNativeTarget section */
		75C3063128C2404800CF4ACC /* MovieMax */ = {
			isa = PBXNativeTarget;
			buildConfigurationList = 75C3065C28C2404900CF4ACC /* Build configuration list for PBXNativeTarget "MovieMax" */;
			buildPhases = (
				75C3062E28C2404800CF4ACC /* Sources */,
				75C3062F28C2404800CF4ACC /* Frameworks */,
				75C3063028C2404800CF4ACC /* Resources */,
			);
			buildRules = (
			);
			dependencies = (
			);
			name = MovieMax;
			productName = MovieMax;
			productReference = 75C3063228C2404800CF4ACC /* MovieMax.app */;
			productType = "com.apple.product-type.application";
		};
		75C3064728C2404900CF4ACC /* MovieMaxTests */ = {
			isa = PBXNativeTarget;
			buildConfigurationList = 75C3065F28C2404900CF4ACC /* Build configuration list for PBXNativeTarget "MovieMaxTests" */;
			buildPhases = (
				75C3064428C2404900CF4ACC /* Sources */,
				75C3064528C2404900CF4ACC /* Frameworks */,
				75C3064628C2404900CF4ACC /* Resources */,
			);
			buildRules = (
			);
			dependencies = (
				75C3064A28C2404900CF4ACC /* PBXTargetDependency */,
			);
			name = MovieMaxTests;
			productName = MovieMaxTests;
			productReference = 75C3064828C2404900CF4ACC /* MovieMaxTests.xctest */;
			productType = "com.apple.product-type.bundle.unit-test";
		};
		75C3065228C2404900CF4ACC /* MovieMaxUITests */ = {
			isa = PBXNativeTarget;
			buildConfigurationList = 75C3066228C2404900CF4ACC /* Build configuration list for PBXNativeTarget "MovieMaxUITests" */;
			buildPhases = (
				75C3064F28C2404900CF4ACC /* Sources */,
				75C3065028C2404900CF4ACC /* Frameworks */,
				75C3065128C2404900CF4ACC /* Resources */,
			);
			buildRules = (
			);
			dependencies = (
				75C3065528C2404900CF4ACC /* PBXTargetDependency */,
			);
			name = MovieMaxUITests;
			productName = MovieMaxUITests;
			productReference = 75C3065328C2404900CF4ACC /* MovieMaxUITests.xctest */;
			productType = "com.apple.product-type.bundle.ui-testing";
		};
/* End PBXNativeTarget section */

/* Begin PBXProject section */
		75C3062A28C2404800CF4ACC /* Project object */ = {
			isa = PBXProject;
			attributes = {
				LastSwiftUpdateCheck = 1240;
				LastUpgradeCheck = 1240;
				TargetAttributes = {
					75C3063128C2404800CF4ACC = {
						CreatedOnToolsVersion = 12.4;
					};
					75C3064728C2404900CF4ACC = {
						CreatedOnToolsVersion = 12.4;
						TestTargetID = 75C3063128C2404800CF4ACC;
					};
					75C3065228C2404900CF4ACC = {
						CreatedOnToolsVersion = 12.4;
						TestTargetID = 75C3063128C2404800CF4ACC;
					};
				};
			};
			buildConfigurationList = 75C3062D28C2404800CF4ACC /* Build configuration list for PBXProject "MovieMax" */;
			compatibilityVersion = "Xcode 9.3";
			developmentRegion = en;
			hasScannedForEncodings = 0;
			knownRegions = (
				en,
				Base,
			);
			mainGroup = 75C3062928C2404800CF4ACC;
			productRefGroup = 75C3063328C2404800CF4ACC /* Products */;
			projectDirPath = "";
			projectRoot = "";
			targets = (
				75C3063128C2404800CF4ACC /* MovieMax */,
				75C3064728C2404900CF4ACC /* MovieMaxTests */,
				75C3065228C2404900CF4ACC /* MovieMaxUITests */,
			);
		};
/* End PBXProject section */

/* Begin PBXResourcesBuildPhase section */
		75C3063028C2404800CF4ACC /* Resources */ = {
			isa = PBXResourcesBuildPhase;
			buildActionMask = 2147483647;
			files = (
				75C3064228C2404900CF4ACC /* LaunchScreen.storyboard in Resources */,
				75C3063F28C2404900CF4ACC /* Assets.xcassets in Resources */,
				75C3063D28C2404800CF4ACC /* Main.storyboard in Resources */,
			);
			runOnlyForDeploymentPostprocessing = 0;
		};
		75C3064628C2404900CF4ACC /* Resources */ = {
			isa = PBXResourcesBuildPhase;
			buildActionMask = 2147483647;
			files = (
			);
			runOnlyForDeploymentPostprocessing = 0;
		};
		75C3065128C2404900CF4ACC /* Resources */ = {
			isa = PBXResourcesBuildPhase;
			buildActionMask = 2147483647;
			files = (
			);
			runOnlyForDeploymentPostprocessing = 0;
		};
/* End PBXResourcesBuildPhase section */

/* Begin PBXSourcesBuildPhase section */
		75C3062E28C2404800CF4ACC /* Sources */ = {
			isa = PBXSourcesBuildPhase;
			buildActionMask = 2147483647;
			files = (
				75C3063A28C2404800CF4ACC /* ViewController.swift in Sources */,
				75C3063628C2404800CF4ACC /* AppDelegate.swift in Sources */,
				75C3063828C2404800CF4ACC /* SceneDelegate.swift in Sources */,
			);
			runOnlyForDeploymentPostprocessing = 0;
		};
		75C3064428C2404900CF4ACC /* Sources */ = {
			isa = PBXSourcesBuildPhase;
			buildActionMask = 2147483647;
			files = (
				75C3064D28C2404900CF4ACC /* MovieMaxTests.swift in Sources */,
			);
			runOnlyForDeploymentPostprocessing = 0;
		};
		75C3064F28C2404900CF4ACC /* Sources */ = {
			isa = PBXSourcesBuildPhase;
			buildActionMask = 2147483647;
			files = (
				75C3065828C2404900CF4ACC /* MovieMaxUITests.swift in Sources */,
			);
			runOnlyForDeploymentPostprocessing = 0;
		};
/* End PBXSourcesBuildPhase section */

/* Begin PBXTargetDependency section */
		75C3064A28C2404900CF4ACC /* PBXTargetDependency */ = {
			isa = PBXTargetDependency;
			target = 75C3063128C2404800CF4ACC /* MovieMax */;
			targetProxy = 75C3064928C2404900CF4ACC /* PBXContainerItemProxy */;
		};
		75C3065528C2404900CF4ACC /* PBXTargetDependency */ = {
			isa = PBXTargetDependency;
			target = 75C3063128C2404800CF4ACC /* MovieMax */;
			targetProxy = 75C3065428C2404900CF4ACC /* PBXContainerItemProxy */;
		};
/* End PBXTargetDependency section */

/* Begin PBXVariantGroup section */
		75C3063B28C2404800CF4ACC /* Main.storyboard */ = {
			isa = PBXVariantGroup;
			children = (
				75C3063C28C2404800CF4ACC /* Base */,
			);
			name = Main.storyboard;
			sourceTree = "<group>";
		};
		75C3064028C2404900CF4ACC /* LaunchScreen.storyboard */ = {
			isa = PBXVariantGroup;
			children = (
				75C3064128C2404900CF4ACC /* Base */,
			);
			name = LaunchScreen.storyboard;
			sourceTree = "<group>";
		};
/* End PBXVariantGroup section */

/* Begin XCBuildConfiguration section */
		75C3065A28C2404900CF4ACC /* Debug */ = {
			isa = XCBuildConfiguration;
			buildSettings = {
				ALWAYS_SEARCH_USER_PATHS = NO;
				CLANG_ANALYZER_NONNULL = YES;
				CLANG_ANALYZER_NUMBER_OBJECT_CONVERSION = YES_AGGRESSIVE;
				CLANG_CXX_LANGUAGE_STANDARD = "gnu++14";
				CLANG_CXX_LIBRARY = "libc++";
				CLANG_ENABLE_MODULES = YES;
				CLANG_ENABLE_OBJC_ARC = YES;
				CLANG_ENABLE_OBJC_WEAK = YES;
				CLANG_WARN_BLOCK_CAPTURE_AUTORELEASING = YES;
				CLANG_WARN_BOOL_CONVERSION = YES;
				CLANG_WARN_COMMA = YES;
				CLANG_WARN_CONSTANT_CONVERSION = YES;
				CLANG_WARN_DEPRECATED_OBJC_IMPLEMENTATIONS = YES;
				CLANG_WARN_DIRECT_OBJC_ISA_USAGE = YES_ERROR;
				CLANG_WARN_DOCUMENTATION_COMMENTS = YES;
				CLANG_WARN_EMPTY_BODY = YES;
				CLANG_WARN_ENUM_CONVERSION = YES;
				CLANG_WARN_INFINITE_RECURSION = YES;
				CLANG_WARN_INT_CONVERSION = YES;
				CLANG_WARN_NON_LITERAL_NULL_CONVERSION = YES;
				CLANG_WARN_OBJC_IMPLICIT_RETAIN_SELF = YES;
				CLANG_WARN_OBJC_LITERAL_CONVERSION = YES;
				CLANG_WARN_OBJC_ROOT_CLASS = YES_ERROR;
				CLANG_WARN_QUOTED_INCLUDE_IN_FRAMEWORK_HEADER = YES;
				CLANG_WARN_RANGE_LOOP_ANALYSIS = YES;
				CLANG_WARN_STRICT_PROTOTYPES = YES;
				CLANG_WARN_SUSPICIOUS_MOVE = YES;
				CLANG_WARN_UNGUARDED_AVAILABILITY = YES_AGGRESSIVE;
				CLANG_WARN_UNREACHABLE_CODE = YES;
				CLANG_WARN__DUPLICATE_METHOD_MATCH = YES;
				COPY_PHASE_STRIP = NO;
				DEBUG_INFORMATION_FORMAT = dwarf;
				ENABLE_STRICT_OBJC_MSGSEND = YES;
				ENABLE_TESTABILITY = YES;
				GCC_C_LANGUAGE_STANDARD = gnu11;
				GCC_DYNAMIC_NO_PIC = NO;
				GCC_NO_COMMON_BLOCKS = YES;
				GCC_OPTIMIZATION_LEVEL = 0;
				GCC_PREPROCESSOR_DEFINITIONS = (
					"DEBUG=1",
					"$(inherited)",
				);
				GCC_WARN_64_TO_32_BIT_CONVERSION = YES;
				GCC_WARN_ABOUT_RETURN_TYPE = YES_ERROR;
				GCC_WARN_UNDECLARED_SELECTOR = YES;
				GCC_WARN_UNINITIALIZED_AUTOS = YES_AGGRESSIVE;
				GCC_WARN_UNUSED_FUNCTION = YES;
				GCC_WARN_UNUSED_VARIABLE = YES;
				IPHONEOS_DEPLOYMENT_TARGET = 14.4;
				MTL_ENABLE_DEBUG_INFO = INCLUDE_SOURCE;
				MTL_FAST_MATH = YES;
				ONLY_ACTIVE_ARCH = YES;
				SDKROOT = iphoneos;
				SWIFT_ACTIVE_COMPILATION_CONDITIONS = DEBUG;
				SWIFT_OPTIMIZATION_LEVEL = "-Onone";
			};
			name = Debug;
		};
		75C3065B28C2404900CF4ACC /* Release */ = {
			isa = XCBuildConfiguration;
			buildSettings = {
				ALWAYS_SEARCH_USER_PATHS = NO;
				CLANG_ANALYZER_NONNULL = YES;
				CLANG_ANALYZER_NUMBER_OBJECT_CONVERSION = YES_AGGRESSIVE;
				CLANG_CXX_LANGUAGE_STANDARD = "gnu++14";
				CLANG_CXX_LIBRARY = "libc++";
				CLANG_ENABLE_MODULES = YES;
				CLANG_ENABLE_OBJC_ARC = YES;
				CLANG_ENABLE_OBJC_WEAK = YES;
				CLANG_WARN_BLOCK_CAPTURE_AUTORELEASING = YES;
				CLANG_WARN_BOOL_CONVERSION = YES;
				CLANG_WARN_COMMA = YES;
				CLANG_WARN_CONSTANT_CONVERSION = YES;
				CLANG_WARN_DEPRECATED_OBJC_IMPLEMENTATIONS = YES;
				CLANG_WARN_DIRECT_OBJC_ISA_USAGE = YES_ERROR;
				CLANG_WARN_DOCUMENTATION_COMMENTS = YES;
				CLANG_WARN_EMPTY_BODY = YES;
				CLANG_WARN_ENUM_CONVERSION = YES;
				CLANG_WARN_INFINITE_RECURSION = YES;
				CLANG_WARN_INT_CONVERSION = YES;
				CLANG_WARN_NON_LITERAL_NULL_CONVERSION = YES;
				CLANG_WARN_OBJC_IMPLICIT_RETAIN_SELF = YES;
				CLANG_WARN_OBJC_LITERAL_CONVERSION = YES;
				CLANG_WARN_OBJC_ROOT_CLASS = YES_ERROR;
				CLANG_WARN_QUOTED_INCLUDE_IN_FRAMEWORK_HEADER = YES;
				CLANG_WARN_RANGE_LOOP_ANALYSIS = YES;
				CLANG_WARN_STRICT_PROTOTYPES = YES;
				CLANG_WARN_SUSPICIOUS_MOVE = YES;
				CLANG_WARN_UNGUARDED_AVAILABILITY = YES_AGGRESSIVE;
				CLANG_WARN_UNREACHABLE_CODE = YES;
				CLANG_WARN__DUPLICATE_METHOD_MATCH = YES;
				COPY_PHASE_STRIP = NO;
				DEBUG_INFORMATION_FORMAT = "dwarf-with-dsym";
				ENABLE_NS_ASSERTIONS = NO;
				ENABLE_STRICT_OBJC_MSGSEND = YES;
				GCC_C_LANGUAGE_STANDARD = gnu11;
				GCC_NO_COMMON_BLOCKS = YES;
				GCC_WARN_64_TO_32_BIT_CONVERSION = YES;
				GCC_WARN_ABOUT_RETURN_TYPE = YES_ERROR;
				GCC_WARN_UNDECLARED_SELECTOR = YES;
				GCC_WARN_UNINITIALIZED_AUTOS = YES_AGGRESSIVE;
				GCC_WARN_UNUSED_FUNCTION = YES;
				GCC_WARN_UNUSED_VARIABLE = YES;
				IPHONEOS_DEPLOYMENT_TARGET = 14.4;
				MTL_ENABLE_DEBUG_INFO = NO;
				MTL_FAST_MATH = YES;
				SDKROOT = iphoneos;
				SWIFT_COMPILATION_MODE = wholemodule;
				SWIFT_OPTIMIZATION_LEVEL = "-O";
				VALIDATE_PRODUCT = YES;
			};
			name = Release;
		};
		75C3065D28C2404900CF4ACC /* Debug */ = {
			isa = XCBuildConfiguration;
			buildSettings = {
				ASSETCATALOG_COMPILER_APPICON_NAME = AppIcon;
				ASSETCATALOG_COMPILER_GLOBAL_ACCENT_COLOR_NAME = AccentColor;
				CODE_SIGN_STYLE = Automatic;
				INFOPLIST_FILE = MovieMax/Info.plist;
				LD_RUNPATH_SEARCH_PATHS = (
					"$(inherited)",
					"@executable_path/Frameworks",
				);
				PRODUCT_BUNDLE_IDENTIFIER = com.practice.MovieMax;
				PRODUCT_NAME = "$(TARGET_NAME)";
				SWIFT_VERSION = 5.0;
				TARGETED_DEVICE_FAMILY = "1,2";
			};
			name = Debug;
		};
		75C3065E28C2404900CF4ACC /* Release */ = {
			isa = XCBuildConfiguration;
			buildSettings = {
				ASSETCATALOG_COMPILER_APPICON_NAME = AppIcon;
				ASSETCATALOG_COMPILER_GLOBAL_ACCENT_COLOR_NAME = AccentColor;
				CODE_SIGN_STYLE = Automatic;
				INFOPLIST_FILE = MovieMax/Info.plist;
				LD_RUNPATH_SEARCH_PATHS = (
					"$(inherited)",
					"@executable_path/Frameworks",
				);
				PRODUCT_BUNDLE_IDENTIFIER = com.practice.MovieMax;
				PRODUCT_NAME = "$(TARGET_NAME)";
				SWIFT_VERSION = 5.0;
				TARGETED_DEVICE_FAMILY = "1,2";
			};
			name = Release;
		};
		75C3066028C2404900CF4ACC /* Debug */ = {
			isa = XCBuildConfiguration;
			buildSettings = {
				ALWAYS_EMBED_SWIFT_STANDARD_LIBRARIES = YES;
				BUNDLE_LOADER = "$(TEST_HOST)";
				CODE_SIGN_STYLE = Automatic;
				INFOPLIST_FILE = MovieMaxTests/Info.plist;
				IPHONEOS_DEPLOYMENT_TARGET = 14.4;
				LD_RUNPATH_SEARCH_PATHS = (
					"$(inherited)",
					"@executable_path/Frameworks",
					"@loader_path/Frameworks",
				);
				PRODUCT_BUNDLE_IDENTIFIER = com.practice.MovieMaxTests;
				PRODUCT_NAME = "$(TARGET_NAME)";
				SWIFT_VERSION = 5.0;
				TARGETED_DEVICE_FAMILY = "1,2";
				TEST_HOST = "$(BUILT_PRODUCTS_DIR)/MovieMax.app/MovieMax";
			};
			name = Debug;
		};
		75C3066128C2404900CF4ACC /* Release */ = {
			isa = XCBuildConfiguration;
			buildSettings = {
				ALWAYS_EMBED_SWIFT_STANDARD_LIBRARIES = YES;
				BUNDLE_LOADER = "$(TEST_HOST)";
				CODE_SIGN_STYLE = Automatic;
				INFOPLIST_FILE = MovieMaxTests/Info.plist;
				IPHONEOS_DEPLOYMENT_TARGET = 14.4;
				LD_RUNPATH_SEARCH_PATHS = (
					"$(inherited)",
					"@executable_path/Frameworks",
					"@loader_path/Frameworks",
				);
				PRODUCT_BUNDLE_IDENTIFIER = com.practice.MovieMaxTests;
				PRODUCT_NAME = "$(TARGET_NAME)";
				SWIFT_VERSION = 5.0;
				TARGETED_DEVICE_FAMILY = "1,2";
				TEST_HOST = "$(BUILT_PRODUCTS_DIR)/MovieMax.app/MovieMax";
			};
			name = Release;
		};
		75C3066328C2404900CF4ACC /* Debug */ = {
			isa = XCBuildConfiguration;
			buildSettings = {
				ALWAYS_EMBED_SWIFT_STANDARD_LIBRARIES = YES;
				CODE_SIGN_STYLE = Automatic;
				INFOPLIST_FILE = MovieMaxUITests/Info.plist;
				LD_RUNPATH_SEARCH_PATHS = (
					"$(inherited)",
					"@executable_path/Frameworks",
					"@loader_path/Frameworks",
				);
				PRODUCT_BUNDLE_IDENTIFIER = com.practice.MovieMaxUITests;
				PRODUCT_NAME = "$(TARGET_NAME)";
				SWIFT_VERSION = 5.0;
				TARGETED_DEVICE_FAMILY = "1,2";
				TEST_TARGET_NAME = MovieMax;
			};
			name = Debug;
		};
		75C3066428C2404900CF4ACC /* Release */ = {
			isa = XCBuildConfiguration;
			buildSettings = {
				ALWAYS_EMBED_SWIFT_STANDARD_LIBRARIES = YES;
				CODE_SIGN_STYLE = Automatic;
				INFOPLIST_FILE = MovieMaxUITests/Info.plist;
				LD_RUNPATH_SEARCH_PATHS = (
					"$(inherited)",
					"@executable_path/Frameworks",
					"@loader_path/Frameworks",
				);
				PRODUCT_BUNDLE_IDENTIFIER = com.practice.MovieMaxUITests;
				PRODUCT_NAME = "$(TARGET_NAME)";
				SWIFT_VERSION = 5.0;
				TARGETED_DEVICE_FAMILY = "1,2";
				TEST_TARGET_NAME = MovieMax;
			};
			name = Release;
		};
/* End XCBuildConfiguration section */

/* Begin XCConfigurationList section */
		75C3062D28C2404800CF4ACC /* Build configuration list for PBXProject "MovieMax" */ = {
			isa = XCConfigurationList;
			buildConfigurations = (
				75C3065A28C2404900CF4ACC /* Debug */,
				75C3065B28C2404900CF4ACC /* Release */,
			);
			defaultConfigurationIsVisible = 0;
			defaultConfigurationName = Release;
		};
		75C3065C28C2404900CF4ACC /* Build configuration list for PBXNativeTarget "MovieMax" */ = {
			isa = XCConfigurationList;
			buildConfigurations = (
				75C3065D28C2404900CF4ACC /* Debug */,
				75C3065E28C2404900CF4ACC /* Release */,
			);
			defaultConfigurationIsVisible = 0;
			defaultConfigurationName = Release;
		};
		75C3065F28C2404900CF4ACC /* Build configuration list for PBXNativeTarget "MovieMaxTests" */ = {
			isa = XCConfigurationList;
			buildConfigurations = (
				75C3066028C2404900CF4ACC /* Debug */,
				75C3066128C2404900CF4ACC /* Release */,
			);
			defaultConfigurationIsVisible = 0;
			defaultConfigurationName = Release;
		};
		75C3066228C2404900CF4ACC /* Build configuration list for PBXNativeTarget "MovieMaxUITests" */ = {
			isa = XCConfigurationList;
			buildConfigurations = (
				75C3066328C2404900CF4ACC /* Debug */,
				75C3066428C2404900CF4ACC /* Release */,
			);
			defaultConfigurationIsVisible = 0;
			defaultConfigurationName = Release;
		};
/* End XCConfigurationList section */
	};
	rootObject = 75C3062A28C2404800CF4ACC /* Project object */;
}
