// !$*UTF8*$!
{
	archiveVersion = 1;
	classes = {
	};
	objectVersion = 50;
	objects = {

/* Begin PBXBuildFile section */
		75368EBB28C332EA00B47BF8 /* FetchMovies.swift in Sources */ = {isa = PBXBuildFile; fileRef = 75368EBA28C332EA00B47BF8 /* FetchMovies.swift */; };
		75368EC028C3330300B47BF8 /* MovieMax.swift in Sources */ = {isa = PBXBuildFile; fileRef = 75368EBF28C3330300B47BF8 /* MovieMax.swift */; };
		75368EC528C33B3000B47BF8 /* MovieListScreen.swift in Sources */ = {isa = PBXBuildFile; fileRef = 75368EC428C33B3000B47BF8 /* MovieListScreen.swift */; };
		75368ECC28C33C9200B47BF8 /* MovieCollectionViewCell.swift in Sources */ = {isa = PBXBuildFile; fileRef = 75368ECA28C33C9200B47BF8 /* MovieCollectionViewCell.swift */; };
		75368ECD28C33C9200B47BF8 /* MovieCollectionViewCell.xib in Resources */ = {isa = PBXBuildFile; fileRef = 75368ECB28C33C9200B47BF8 /* MovieCollectionViewCell.xib */; };
		753B9A1628C3DAB100DC5D07 /* FetchMovieDetails.swift in Sources */ = {isa = PBXBuildFile; fileRef = 753B9A1528C3DAB100DC5D07 /* FetchMovieDetails.swift */; };
		753CC4DD28CF029500DCB070 /* HomeViewController.swift in Sources */ = {isa = PBXBuildFile; fileRef = 753CC4DC28CF029500DCB070 /* HomeViewController.swift */; };
		753CC4EB28CF03DC00DCB070 /* BannerTableViewCell.swift in Sources */ = {isa = PBXBuildFile; fileRef = 753CC4E928CF03DC00DCB070 /* BannerTableViewCell.swift */; };
		753CC4EC28CF03DC00DCB070 /* BannerTableViewCell.xib in Resources */ = {isa = PBXBuildFile; fileRef = 753CC4EA28CF03DC00DCB070 /* BannerTableViewCell.xib */; };
		753CC4FA28CF044B00DCB070 /* SearchTextFieldTableViewCell.swift in Sources */ = {isa = PBXBuildFile; fileRef = 753CC4F828CF044B00DCB070 /* SearchTextFieldTableViewCell.swift */; };
		753CC4FB28CF044B00DCB070 /* SearchTextFieldTableViewCell.xib in Resources */ = {isa = PBXBuildFile; fileRef = 753CC4F928CF044B00DCB070 /* SearchTextFieldTableViewCell.xib */; };
		753CC50128CF046000DCB070 /* SearchButtonTableViewCell.swift in Sources */ = {isa = PBXBuildFile; fileRef = 753CC4FF28CF046000DCB070 /* SearchButtonTableViewCell.swift */; };
		753CC50228CF046000DCB070 /* SearchButtonTableViewCell.xib in Resources */ = {isa = PBXBuildFile; fileRef = 753CC50028CF046000DCB070 /* SearchButtonTableViewCell.xib */; };
		7543BC3428C87023006E8D26 /* MovieGridCollectionViewCell.swift in Sources */ = {isa = PBXBuildFile; fileRef = 7543BC3228C87023006E8D26 /* MovieGridCollectionViewCell.swift */; };
		7543BC3528C87023006E8D26 /* MovieGridCollectionViewCell.xib in Resources */ = {isa = PBXBuildFile; fileRef = 7543BC3328C87023006E8D26 /* MovieGridCollectionViewCell.xib */; };
		755C3D9C28DC407A007DC943 /* TableViewCellConstans.swift in Sources */ = {isa = PBXBuildFile; fileRef = 755C3D9B28DC407A007DC943 /* TableViewCellConstans.swift */; };
		755DB90F28D4972900C9DE12 /* DetailViewModel.swift in Sources */ = {isa = PBXBuildFile; fileRef = 755DB90E28D4972900C9DE12 /* DetailViewModel.swift */; };
		75661EBA28C3C43400E8A11D /* ItemDetailModel.swift in Sources */ = {isa = PBXBuildFile; fileRef = 75661EB928C3C43400E8A11D /* ItemDetailModel.swift */; };
		757AA7AF28DB24DD00D50805 /* TitleHandler.swift in Sources */ = {isa = PBXBuildFile; fileRef = 757AA7AE28DB24DD00D50805 /* TitleHandler.swift */; };
		757AA7B128DB2A2100D50805 /* PosterHandler.swift in Sources */ = {isa = PBXBuildFile; fileRef = 757AA7B028DB2A2100D50805 /* PosterHandler.swift */; };
		757AA7B328DB2A2B00D50805 /* PlotHandler.swift in Sources */ = {isa = PBXBuildFile; fileRef = 757AA7B228DB2A2B00D50805 /* PlotHandler.swift */; };
		757AA7B528DB2A3B00D50805 /* LanguageHandler.swift in Sources */ = {isa = PBXBuildFile; fileRef = 757AA7B428DB2A3B00D50805 /* LanguageHandler.swift */; };
		757AA7B728DB2A4600D50805 /* RatingHandler.swift in Sources */ = {isa = PBXBuildFile; fileRef = 757AA7B628DB2A4600D50805 /* RatingHandler.swift */; };
		75C3063628C2404800CF4ACC /* AppDelegate.swift in Sources */ = {isa = PBXBuildFile; fileRef = 75C3063528C2404800CF4ACC /* AppDelegate.swift */; };
		75C3063828C2404800CF4ACC /* SceneDelegate.swift in Sources */ = {isa = PBXBuildFile; fileRef = 75C3063728C2404800CF4ACC /* SceneDelegate.swift */; };
		75C3063D28C2404800CF4ACC /* Main.storyboard in Resources */ = {isa = PBXBuildFile; fileRef = 75C3063B28C2404800CF4ACC /* Main.storyboard */; };
		75C3063F28C2404900CF4ACC /* Assets.xcassets in Resources */ = {isa = PBXBuildFile; fileRef = 75C3063E28C2404900CF4ACC /* Assets.xcassets */; };
		75C3064228C2404900CF4ACC /* LaunchScreen.storyboard in Resources */ = {isa = PBXBuildFile; fileRef = 75C3064028C2404900CF4ACC /* LaunchScreen.storyboard */; };
		75C3064D28C2404900CF4ACC /* MovieMaxTests.swift in Sources */ = {isa = PBXBuildFile; fileRef = 75C3064C28C2404900CF4ACC /* MovieMaxTests.swift */; };
		75C3065828C2404900CF4ACC /* MovieMaxUITests.swift in Sources */ = {isa = PBXBuildFile; fileRef = 75C3065728C2404900CF4ACC /* MovieMaxUITests.swift */; };
		75DF57C128D9C10B00342D49 /* DetailViewController.swift in Sources */ = {isa = PBXBuildFile; fileRef = 75DF57C028D9C10B00342D49 /* DetailViewController.swift */; };
		75DF57C428D9C14400342D49 /* DoneButtonTableViewCell.swift in Sources */ = {isa = PBXBuildFile; fileRef = 75DF57C228D9C14400342D49 /* DoneButtonTableViewCell.swift */; };
		75DF57C528D9C14400342D49 /* DoneButtonTableViewCell.xib in Resources */ = {isa = PBXBuildFile; fileRef = 75DF57C328D9C14400342D49 /* DoneButtonTableViewCell.xib */; };
		75DF57C828D9C15A00342D49 /* PosterTableViewCell.swift in Sources */ = {isa = PBXBuildFile; fileRef = 75DF57C628D9C15A00342D49 /* PosterTableViewCell.swift */; };
		75DF57C928D9C15A00342D49 /* PosterTableViewCell.xib in Resources */ = {isa = PBXBuildFile; fileRef = 75DF57C728D9C15A00342D49 /* PosterTableViewCell.xib */; };
		75DF57CC28D9C17400342D49 /* PlotTableViewCell.swift in Sources */ = {isa = PBXBuildFile; fileRef = 75DF57CA28D9C17400342D49 /* PlotTableViewCell.swift */; };
		75DF57CD28D9C17400342D49 /* PlotTableViewCell.xib in Resources */ = {isa = PBXBuildFile; fileRef = 75DF57CB28D9C17400342D49 /* PlotTableViewCell.xib */; };
		75DF57D528D9C1C900342D49 /* RatingTableViewCell.swift in Sources */ = {isa = PBXBuildFile; fileRef = 75DF57D328D9C1C900342D49 /* RatingTableViewCell.swift */; };
		75DF57D628D9C1C900342D49 /* RatingTableViewCell.xib in Resources */ = {isa = PBXBuildFile; fileRef = 75DF57D428D9C1C900342D49 /* RatingTableViewCell.xib */; };
		75DF57D928D9C1DF00342D49 /* WatchListButtonTableViewCell.swift in Sources */ = {isa = PBXBuildFile; fileRef = 75DF57D728D9C1DF00342D49 /* WatchListButtonTableViewCell.swift */; };
		75DF57DA28D9C1DF00342D49 /* WatchListButtonTableViewCell.xib in Resources */ = {isa = PBXBuildFile; fileRef = 75DF57D828D9C1DF00342D49 /* WatchListButtonTableViewCell.xib */; };
		75DF57DD28D9C45000342D49 /* TitleTableViewCell.swift in Sources */ = {isa = PBXBuildFile; fileRef = 75DF57DB28D9C45000342D49 /* TitleTableViewCell.swift */; };
		75DF57DE28D9C45000342D49 /* TitleTableViewCell.xib in Resources */ = {isa = PBXBuildFile; fileRef = 75DF57DC28D9C45000342D49 /* TitleTableViewCell.xib */; };
		75DF57E128D9C96A00342D49 /* LanguageTableViewCell.swift in Sources */ = {isa = PBXBuildFile; fileRef = 75DF57DF28D9C96A00342D49 /* LanguageTableViewCell.swift */; };
		75DF57E228D9C96A00342D49 /* LanguageTableViewCell.xib in Resources */ = {isa = PBXBuildFile; fileRef = 75DF57E028D9C96A00342D49 /* LanguageTableViewCell.xib */; };
		75DF57E628D9F1D000342D49 /* TitleViewModel.swift in Sources */ = {isa = PBXBuildFile; fileRef = 75DF57E528D9F1D000342D49 /* TitleViewModel.swift */; };
		75DF57E828D9F1DB00342D49 /* PosterViewModel.swift in Sources */ = {isa = PBXBuildFile; fileRef = 75DF57E728D9F1DB00342D49 /* PosterViewModel.swift */; };
		75DF57EA28D9F1ED00342D49 /* PlotViewModel.swift in Sources */ = {isa = PBXBuildFile; fileRef = 75DF57E928D9F1ED00342D49 /* PlotViewModel.swift */; };
		75DF57EC28D9F1FB00342D49 /* LanguageViewModel.swift in Sources */ = {isa = PBXBuildFile; fileRef = 75DF57EB28D9F1FB00342D49 /* LanguageViewModel.swift */; };
		75DF57EE28D9F20800342D49 /* RatingViewModel.swift in Sources */ = {isa = PBXBuildFile; fileRef = 75DF57ED28D9F20800342D49 /* RatingViewModel.swift */; };
/* End PBXBuildFile section */

/* Begin PBXContainerItemProxy section */
		75C3064928C2404900CF4ACC /* PBXContainerItemProxy */ = {
			isa = PBXContainerItemProxy;
			containerPortal = 75C3062A28C2404800CF4ACC /* Project object */;
			proxyType = 1;
			remoteGlobalIDString = 75C3063128C2404800CF4ACC;
			remoteInfo = MovieMax;
		};
		75C3065428C2404900CF4ACC /* PBXContainerItemProxy */ = {
			isa = PBXContainerItemProxy;
			containerPortal = 75C3062A28C2404800CF4ACC /* Project object */;
			proxyType = 1;
			remoteGlobalIDString = 75C3063128C2404800CF4ACC;
			remoteInfo = MovieMax;
		};
/* End PBXContainerItemProxy section */

/* Begin PBXFileReference section */
		75368EBA28C332EA00B47BF8 /* FetchMovies.swift */ = {isa = PBXFileReference; lastKnownFileType = sourcecode.swift; path = FetchMovies.swift; sourceTree = "<group>"; };
		75368EBF28C3330300B47BF8 /* MovieMax.swift */ = {isa = PBXFileReference; lastKnownFileType = sourcecode.swift; path = MovieMax.swift; sourceTree = "<group>"; };
		75368EC428C33B3000B47BF8 /* MovieListScreen.swift */ = {isa = PBXFileReference; lastKnownFileType = sourcecode.swift; path = MovieListScreen.swift; sourceTree = "<group>"; };
		75368ECA28C33C9200B47BF8 /* MovieCollectionViewCell.swift */ = {isa = PBXFileReference; lastKnownFileType = sourcecode.swift; path = MovieCollectionViewCell.swift; sourceTree = "<group>"; };
		75368ECB28C33C9200B47BF8 /* MovieCollectionViewCell.xib */ = {isa = PBXFileReference; lastKnownFileType = file.xib; path = MovieCollectionViewCell.xib; sourceTree = "<group>"; };
		753B9A1528C3DAB100DC5D07 /* FetchMovieDetails.swift */ = {isa = PBXFileReference; lastKnownFileType = sourcecode.swift; path = FetchMovieDetails.swift; sourceTree = "<group>"; };
		753CC4DC28CF029500DCB070 /* HomeViewController.swift */ = {isa = PBXFileReference; lastKnownFileType = sourcecode.swift; path = HomeViewController.swift; sourceTree = "<group>"; };
		753CC4E928CF03DC00DCB070 /* BannerTableViewCell.swift */ = {isa = PBXFileReference; lastKnownFileType = sourcecode.swift; path = BannerTableViewCell.swift; sourceTree = "<group>"; };
		753CC4EA28CF03DC00DCB070 /* BannerTableViewCell.xib */ = {isa = PBXFileReference; lastKnownFileType = file.xib; path = BannerTableViewCell.xib; sourceTree = "<group>"; };
		753CC4F828CF044B00DCB070 /* SearchTextFieldTableViewCell.swift */ = {isa = PBXFileReference; lastKnownFileType = sourcecode.swift; path = SearchTextFieldTableViewCell.swift; sourceTree = "<group>"; };
		753CC4F928CF044B00DCB070 /* SearchTextFieldTableViewCell.xib */ = {isa = PBXFileReference; lastKnownFileType = file.xib; path = SearchTextFieldTableViewCell.xib; sourceTree = "<group>"; };
		753CC4FF28CF046000DCB070 /* SearchButtonTableViewCell.swift */ = {isa = PBXFileReference; lastKnownFileType = sourcecode.swift; path = SearchButtonTableViewCell.swift; sourceTree = "<group>"; };
		753CC50028CF046000DCB070 /* SearchButtonTableViewCell.xib */ = {isa = PBXFileReference; lastKnownFileType = file.xib; path = SearchButtonTableViewCell.xib; sourceTree = "<group>"; };
		7543BC3228C87023006E8D26 /* MovieGridCollectionViewCell.swift */ = {isa = PBXFileReference; lastKnownFileType = sourcecode.swift; path = MovieGridCollectionViewCell.swift; sourceTree = "<group>"; };
		7543BC3328C87023006E8D26 /* MovieGridCollectionViewCell.xib */ = {isa = PBXFileReference; lastKnownFileType = file.xib; path = MovieGridCollectionViewCell.xib; sourceTree = "<group>"; };
		755C3D9B28DC407A007DC943 /* TableViewCellConstans.swift */ = {isa = PBXFileReference; lastKnownFileType = sourcecode.swift; path = TableViewCellConstans.swift; sourceTree = "<group>"; };
		755DB90E28D4972900C9DE12 /* DetailViewModel.swift */ = {isa = PBXFileReference; lastKnownFileType = sourcecode.swift; name = DetailViewModel.swift; path = "../../../../../Library/Autosave Information/DetailViewModel.swift"; sourceTree = "<group>"; };
		75661EB928C3C43400E8A11D /* ItemDetailModel.swift */ = {isa = PBXFileReference; lastKnownFileType = sourcecode.swift; path = ItemDetailModel.swift; sourceTree = "<group>"; };
		757AA7AE28DB24DD00D50805 /* TitleHandler.swift */ = {isa = PBXFileReference; lastKnownFileType = sourcecode.swift; path = TitleHandler.swift; sourceTree = "<group>"; };
		757AA7B028DB2A2100D50805 /* PosterHandler.swift */ = {isa = PBXFileReference; lastKnownFileType = sourcecode.swift; path = PosterHandler.swift; sourceTree = "<group>"; };
		757AA7B228DB2A2B00D50805 /* PlotHandler.swift */ = {isa = PBXFileReference; lastKnownFileType = sourcecode.swift; path = PlotHandler.swift; sourceTree = "<group>"; };
		757AA7B428DB2A3B00D50805 /* LanguageHandler.swift */ = {isa = PBXFileReference; lastKnownFileType = sourcecode.swift; path = LanguageHandler.swift; sourceTree = "<group>"; };
		757AA7B628DB2A4600D50805 /* RatingHandler.swift */ = {isa = PBXFileReference; lastKnownFileType = sourcecode.swift; path = RatingHandler.swift; sourceTree = "<group>"; };
		75C3063228C2404800CF4ACC /* MovieMax.app */ = {isa = PBXFileReference; explicitFileType = wrapper.application; includeInIndex = 0; path = MovieMax.app; sourceTree = BUILT_PRODUCTS_DIR; };
		75C3063528C2404800CF4ACC /* AppDelegate.swift */ = {isa = PBXFileReference; lastKnownFileType = sourcecode.swift; path = AppDelegate.swift; sourceTree = "<group>"; };
		75C3063728C2404800CF4ACC /* SceneDelegate.swift */ = {isa = PBXFileReference; lastKnownFileType = sourcecode.swift; path = SceneDelegate.swift; sourceTree = "<group>"; };
		75C3063C28C2404800CF4ACC /* Base */ = {isa = PBXFileReference; lastKnownFileType = file.storyboard; name = Base; path = Base.lproj/Main.storyboard; sourceTree = "<group>"; };
		75C3063E28C2404900CF4ACC /* Assets.xcassets */ = {isa = PBXFileReference; lastKnownFileType = folder.assetcatalog; path = Assets.xcassets; sourceTree = "<group>"; };
		75C3064128C2404900CF4ACC /* Base */ = {isa = PBXFileReference; lastKnownFileType = file.storyboard; name = Base; path = Base.lproj/LaunchScreen.storyboard; sourceTree = "<group>"; };
		75C3064328C2404900CF4ACC /* Info.plist */ = {isa = PBXFileReference; lastKnownFileType = text.plist.xml; path = Info.plist; sourceTree = "<group>"; };
		75C3064828C2404900CF4ACC /* MovieMaxTests.xctest */ = {isa = PBXFileReference; explicitFileType = wrapper.cfbundle; includeInIndex = 0; path = MovieMaxTests.xctest; sourceTree = BUILT_PRODUCTS_DIR; };
		75C3064C28C2404900CF4ACC /* MovieMaxTests.swift */ = {isa = PBXFileReference; lastKnownFileType = sourcecode.swift; path = MovieMaxTests.swift; sourceTree = "<group>"; };
		75C3064E28C2404900CF4ACC /* Info.plist */ = {isa = PBXFileReference; lastKnownFileType = text.plist.xml; path = Info.plist; sourceTree = "<group>"; };
		75C3065328C2404900CF4ACC /* MovieMaxUITests.xctest */ = {isa = PBXFileReference; explicitFileType = wrapper.cfbundle; includeInIndex = 0; path = MovieMaxUITests.xctest; sourceTree = BUILT_PRODUCTS_DIR; };
		75C3065728C2404900CF4ACC /* MovieMaxUITests.swift */ = {isa = PBXFileReference; lastKnownFileType = sourcecode.swift; path = MovieMaxUITests.swift; sourceTree = "<group>"; };
		75C3065928C2404900CF4ACC /* Info.plist */ = {isa = PBXFileReference; lastKnownFileType = text.plist.xml; path = Info.plist; sourceTree = "<group>"; };
		75DF57C028D9C10B00342D49 /* DetailViewController.swift */ = {isa = PBXFileReference; lastKnownFileType = sourcecode.swift; path = DetailViewController.swift; sourceTree = "<group>"; };
		75DF57C228D9C14400342D49 /* DoneButtonTableViewCell.swift */ = {isa = PBXFileReference; lastKnownFileType = sourcecode.swift; path = DoneButtonTableViewCell.swift; sourceTree = "<group>"; };
		75DF57C328D9C14400342D49 /* DoneButtonTableViewCell.xib */ = {isa = PBXFileReference; lastKnownFileType = file.xib; path = DoneButtonTableViewCell.xib; sourceTree = "<group>"; };
		75DF57C628D9C15A00342D49 /* PosterTableViewCell.swift */ = {isa = PBXFileReference; lastKnownFileType = sourcecode.swift; path = PosterTableViewCell.swift; sourceTree = "<group>"; };
		75DF57C728D9C15A00342D49 /* PosterTableViewCell.xib */ = {isa = PBXFileReference; lastKnownFileType = file.xib; path = PosterTableViewCell.xib; sourceTree = "<group>"; };
		75DF57CA28D9C17400342D49 /* PlotTableViewCell.swift */ = {isa = PBXFileReference; lastKnownFileType = sourcecode.swift; path = PlotTableViewCell.swift; sourceTree = "<group>"; };
		75DF57CB28D9C17400342D49 /* PlotTableViewCell.xib */ = {isa = PBXFileReference; lastKnownFileType = file.xib; path = PlotTableViewCell.xib; sourceTree = "<group>"; };
		75DF57D328D9C1C900342D49 /* RatingTableViewCell.swift */ = {isa = PBXFileReference; lastKnownFileType = sourcecode.swift; path = RatingTableViewCell.swift; sourceTree = "<group>"; };
		75DF57D428D9C1C900342D49 /* RatingTableViewCell.xib */ = {isa = PBXFileReference; lastKnownFileType = file.xib; path = RatingTableViewCell.xib; sourceTree = "<group>"; };
		75DF57D728D9C1DF00342D49 /* WatchListButtonTableViewCell.swift */ = {isa = PBXFileReference; lastKnownFileType = sourcecode.swift; path = WatchListButtonTableViewCell.swift; sourceTree = "<group>"; };
		75DF57D828D9C1DF00342D49 /* WatchListButtonTableViewCell.xib */ = {isa = PBXFileReference; lastKnownFileType = file.xib; path = WatchListButtonTableViewCell.xib; sourceTree = "<group>"; };
		75DF57DB28D9C45000342D49 /* TitleTableViewCell.swift */ = {isa = PBXFileReference; lastKnownFileType = sourcecode.swift; path = TitleTableViewCell.swift; sourceTree = "<group>"; };
		75DF57DC28D9C45000342D49 /* TitleTableViewCell.xib */ = {isa = PBXFileReference; lastKnownFileType = file.xib; path = TitleTableViewCell.xib; sourceTree = "<group>"; };
		75DF57DF28D9C96A00342D49 /* LanguageTableViewCell.swift */ = {isa = PBXFileReference; lastKnownFileType = sourcecode.swift; path = LanguageTableViewCell.swift; sourceTree = "<group>"; };
		75DF57E028D9C96A00342D49 /* LanguageTableViewCell.xib */ = {isa = PBXFileReference; lastKnownFileType = file.xib; path = LanguageTableViewCell.xib; sourceTree = "<group>"; };
		75DF57E528D9F1D000342D49 /* TitleViewModel.swift */ = {isa = PBXFileReference; lastKnownFileType = sourcecode.swift; path = TitleViewModel.swift; sourceTree = "<group>"; };
		75DF57E728D9F1DB00342D49 /* PosterViewModel.swift */ = {isa = PBXFileReference; lastKnownFileType = sourcecode.swift; path = PosterViewModel.swift; sourceTree = "<group>"; };
		75DF57E928D9F1ED00342D49 /* PlotViewModel.swift */ = {isa = PBXFileReference; lastKnownFileType = sourcecode.swift; path = PlotViewModel.swift; sourceTree = "<group>"; };
		75DF57EB28D9F1FB00342D49 /* LanguageViewModel.swift */ = {isa = PBXFileReference; lastKnownFileType = sourcecode.swift; path = LanguageViewModel.swift; sourceTree = "<group>"; };
		75DF57ED28D9F20800342D49 /* RatingViewModel.swift */ = {isa = PBXFileReference; lastKnownFileType = sourcecode.swift; path = RatingViewModel.swift; sourceTree = "<group>"; };
/* End PBXFileReference section */

/* Begin PBXFrameworksBuildPhase section */
		75C3062F28C2404800CF4ACC /* Frameworks */ = {
			isa = PBXFrameworksBuildPhase;
			buildActionMask = 2147483647;
			files = (
			);
			runOnlyForDeploymentPostprocessing = 0;
		};
		75C3064528C2404900CF4ACC /* Frameworks */ = {
			isa = PBXFrameworksBuildPhase;
			buildActionMask = 2147483647;
			files = (
			);
			runOnlyForDeploymentPostprocessing = 0;
		};
		75C3065028C2404900CF4ACC /* Frameworks */ = {
			isa = PBXFrameworksBuildPhase;
			buildActionMask = 2147483647;
			files = (
			);
			runOnlyForDeploymentPostprocessing = 0;
		};
/* End PBXFrameworksBuildPhase section */

/* Begin PBXGroup section */
		75368EC928C33C7600B47BF8 /* View */ = {
			isa = PBXGroup;
			children = (
				75C3063B28C2404800CF4ACC /* Main.storyboard */,
				75368ECA28C33C9200B47BF8 /* MovieCollectionViewCell.swift */,
				75368ECB28C33C9200B47BF8 /* MovieCollectionViewCell.xib */,
				7543BC3228C87023006E8D26 /* MovieGridCollectionViewCell.swift */,
				7543BC3328C87023006E8D26 /* MovieGridCollectionViewCell.xib */,
				753CC4E928CF03DC00DCB070 /* BannerTableViewCell.swift */,
				753CC4EA28CF03DC00DCB070 /* BannerTableViewCell.xib */,
				753CC4F828CF044B00DCB070 /* SearchTextFieldTableViewCell.swift */,
				753CC4F928CF044B00DCB070 /* SearchTextFieldTableViewCell.xib */,
				753CC4FF28CF046000DCB070 /* SearchButtonTableViewCell.swift */,
				753CC50028CF046000DCB070 /* SearchButtonTableViewCell.xib */,
				75DF57C228D9C14400342D49 /* DoneButtonTableViewCell.swift */,
				75DF57C328D9C14400342D49 /* DoneButtonTableViewCell.xib */,
				75DF57DB28D9C45000342D49 /* TitleTableViewCell.swift */,
				75DF57DC28D9C45000342D49 /* TitleTableViewCell.xib */,
				75DF57C628D9C15A00342D49 /* PosterTableViewCell.swift */,
				75DF57C728D9C15A00342D49 /* PosterTableViewCell.xib */,
				75DF57CA28D9C17400342D49 /* PlotTableViewCell.swift */,
				75DF57CB28D9C17400342D49 /* PlotTableViewCell.xib */,
				75DF57DF28D9C96A00342D49 /* LanguageTableViewCell.swift */,
				75DF57E028D9C96A00342D49 /* LanguageTableViewCell.xib */,
				75DF57D328D9C1C900342D49 /* RatingTableViewCell.swift */,
				75DF57D428D9C1C900342D49 /* RatingTableViewCell.xib */,
				75DF57D728D9C1DF00342D49 /* WatchListButtonTableViewCell.swift */,
				75DF57D828D9C1DF00342D49 /* WatchListButtonTableViewCell.xib */,
			);
			path = View;
			sourceTree = "<group>";
		};
		755C3D9A28DC4065007DC943 /* Constants */ = {
			isa = PBXGroup;
			children = (
				755C3D9B28DC407A007DC943 /* TableViewCellConstans.swift */,
			);
			path = Constants;
			sourceTree = "<group>";
		};
		755DB90D28D494E600C9DE12 /* ViewModel */ = {
			isa = PBXGroup;
			children = (
				755DB90E28D4972900C9DE12 /* DetailViewModel.swift */,
				75DF57E528D9F1D000342D49 /* TitleViewModel.swift */,
				75DF57E728D9F1DB00342D49 /* PosterViewModel.swift */,
				75DF57E928D9F1ED00342D49 /* PlotViewModel.swift */,
				75DF57EB28D9F1FB00342D49 /* LanguageViewModel.swift */,
				75DF57ED28D9F20800342D49 /* RatingViewModel.swift */,
			);
			path = ViewModel;
			sourceTree = "<group>";
		};
		757AA7AD28DB24C500D50805 /* Handlers */ = {
			isa = PBXGroup;
			children = (
				757AA7AE28DB24DD00D50805 /* TitleHandler.swift */,
				757AA7B028DB2A2100D50805 /* PosterHandler.swift */,
				757AA7B228DB2A2B00D50805 /* PlotHandler.swift */,
				757AA7B428DB2A3B00D50805 /* LanguageHandler.swift */,
				757AA7B628DB2A4600D50805 /* RatingHandler.swift */,
			);
			path = Handlers;
			sourceTree = "<group>";
		};
		75C3062928C2404800CF4ACC = {
			isa = PBXGroup;
			children = (
				75C3063428C2404800CF4ACC /* MovieMax */,
				75C3064B28C2404900CF4ACC /* MovieMaxTests */,
				75C3065628C2404900CF4ACC /* MovieMaxUITests */,
				75C3063328C2404800CF4ACC /* Products */,
			);
			sourceTree = "<group>";
		};
		75C3063328C2404800CF4ACC /* Products */ = {
			isa = PBXGroup;
			children = (
				75C3063228C2404800CF4ACC /* MovieMax.app */,
				75C3064828C2404900CF4ACC /* MovieMaxTests.xctest */,
				75C3065328C2404900CF4ACC /* MovieMaxUITests.xctest */,
			);
			name = Products;
			sourceTree = "<group>";
		};
		75C3063428C2404800CF4ACC /* MovieMax */ = {
			isa = PBXGroup;
			children = (
				755C3D9A28DC4065007DC943 /* Constants */,
				757AA7AD28DB24C500D50805 /* Handlers */,
				755DB90D28D494E600C9DE12 /* ViewModel */,
				75368EC928C33C7600B47BF8 /* View */,
				75C3067528C24EC900CF4ACC /* Models */,
				75C3067428C24DFA00CF4ACC /* API Callers */,
				75C3066B28C2405A00CF4ACC /* Controllers */,
				75C3063528C2404800CF4ACC /* AppDelegate.swift */,
				75C3063728C2404800CF4ACC /* SceneDelegate.swift */,
				75C3063E28C2404900CF4ACC /* Assets.xcassets */,
				75C3064028C2404900CF4ACC /* LaunchScreen.storyboard */,
				75C3064328C2404900CF4ACC /* Info.plist */,
			);
			path = MovieMax;
			sourceTree = "<group>";
		};
		75C3064B28C2404900CF4ACC /* MovieMaxTests */ = {
			isa = PBXGroup;
			children = (
				75C3064C28C2404900CF4ACC /* MovieMaxTests.swift */,
				75C3064E28C2404900CF4ACC /* Info.plist */,
			);
			path = MovieMaxTests;
			sourceTree = "<group>";
		};
		75C3065628C2404900CF4ACC /* MovieMaxUITests */ = {
			isa = PBXGroup;
			children = (
				75C3065728C2404900CF4ACC /* MovieMaxUITests.swift */,
				75C3065928C2404900CF4ACC /* Info.plist */,
			);
			path = MovieMaxUITests;
			sourceTree = "<group>";
		};
		75C3066B28C2405A00CF4ACC /* Controllers */ = {
			isa = PBXGroup;
			children = (
				753CC4DC28CF029500DCB070 /* HomeViewController.swift */,
				75368EC428C33B3000B47BF8 /* MovieListScreen.swift */,
				75DF57C028D9C10B00342D49 /* DetailViewController.swift */,
			);
			path = Controllers;
			sourceTree = "<group>";
		};
		75C3067428C24DFA00CF4ACC /* API Callers */ = {
			isa = PBXGroup;
			children = (
				75368EBA28C332EA00B47BF8 /* FetchMovies.swift */,
				753B9A1528C3DAB100DC5D07 /* FetchMovieDetails.swift */,
			);
			path = "API Callers";
			sourceTree = "<group>";
		};
		75C3067528C24EC900CF4ACC /* Models */ = {
			isa = PBXGroup;
			children = (
				75368EBF28C3330300B47BF8 /* MovieMax.swift */,
				75661EB928C3C43400E8A11D /* ItemDetailModel.swift */,
			);
			path = Models;
			sourceTree = "<group>";
		};
/* End PBXGroup section */

/* Begin PBXNativeTarget section */
		75C3063128C2404800CF4ACC /* MovieMax */ = {
			isa = PBXNativeTarget;
			buildConfigurationList = 75C3065C28C2404900CF4ACC /* Build configuration list for PBXNativeTarget "MovieMax" */;
			buildPhases = (
				75C3062E28C2404800CF4ACC /* Sources */,
				75C3062F28C2404800CF4ACC /* Frameworks */,
				75C3063028C2404800CF4ACC /* Resources */,
			);
			buildRules = (
			);
			dependencies = (
			);
			name = MovieMax;
			productName = MovieMax;
			productReference = 75C3063228C2404800CF4ACC /* MovieMax.app */;
			productType = "com.apple.product-type.application";
		};
		75C3064728C2404900CF4ACC /* MovieMaxTests */ = {
			isa = PBXNativeTarget;
			buildConfigurationList = 75C3065F28C2404900CF4ACC /* Build configuration list for PBXNativeTarget "MovieMaxTests" */;
			buildPhases = (
				75C3064428C2404900CF4ACC /* Sources */,
				75C3064528C2404900CF4ACC /* Frameworks */,
				75C3064628C2404900CF4ACC /* Resources */,
			);
			buildRules = (
			);
			dependencies = (
				75C3064A28C2404900CF4ACC /* PBXTargetDependency */,
			);
			name = MovieMaxTests;
			productName = MovieMaxTests;
			productReference = 75C3064828C2404900CF4ACC /* MovieMaxTests.xctest */;
			productType = "com.apple.product-type.bundle.unit-test";
		};
		75C3065228C2404900CF4ACC /* MovieMaxUITests */ = {
			isa = PBXNativeTarget;
			buildConfigurationList = 75C3066228C2404900CF4ACC /* Build configuration list for PBXNativeTarget "MovieMaxUITests" */;
			buildPhases = (
				75C3064F28C2404900CF4ACC /* Sources */,
				75C3065028C2404900CF4ACC /* Frameworks */,
				75C3065128C2404900CF4ACC /* Resources */,
			);
			buildRules = (
			);
			dependencies = (
				75C3065528C2404900CF4ACC /* PBXTargetDependency */,
			);
			name = MovieMaxUITests;
			productName = MovieMaxUITests;
			productReference = 75C3065328C2404900CF4ACC /* MovieMaxUITests.xctest */;
			productType = "com.apple.product-type.bundle.ui-testing";
		};
/* End PBXNativeTarget section */

/* Begin PBXProject section */
		75C3062A28C2404800CF4ACC /* Project object */ = {
			isa = PBXProject;
			attributes = {
				LastSwiftUpdateCheck = 1240;
				LastUpgradeCheck = 1240;
				TargetAttributes = {
					75C3063128C2404800CF4ACC = {
						CreatedOnToolsVersion = 12.4;
					};
					75C3064728C2404900CF4ACC = {
						CreatedOnToolsVersion = 12.4;
						TestTargetID = 75C3063128C2404800CF4ACC;
					};
					75C3065228C2404900CF4ACC = {
						CreatedOnToolsVersion = 12.4;
						TestTargetID = 75C3063128C2404800CF4ACC;
					};
				};
			};
			buildConfigurationList = 75C3062D28C2404800CF4ACC /* Build configuration list for PBXProject "MovieMax" */;
			compatibilityVersion = "Xcode 9.3";
			developmentRegion = en;
			hasScannedForEncodings = 0;
			knownRegions = (
				en,
				Base,
			);
			mainGroup = 75C3062928C2404800CF4ACC;
			productRefGroup = 75C3063328C2404800CF4ACC /* Products */;
			projectDirPath = "";
			projectRoot = "";
			targets = (
				75C3063128C2404800CF4ACC /* MovieMax */,
				75C3064728C2404900CF4ACC /* MovieMaxTests */,
				75C3065228C2404900CF4ACC /* MovieMaxUITests */,
			);
		};
/* End PBXProject section */

/* Begin PBXResourcesBuildPhase section */
		75C3063028C2404800CF4ACC /* Resources */ = {
			isa = PBXResourcesBuildPhase;
			buildActionMask = 2147483647;
			files = (
				75DF57D628D9C1C900342D49 /* RatingTableViewCell.xib in Resources */,
				75DF57DA28D9C1DF00342D49 /* WatchListButtonTableViewCell.xib in Resources */,
				7543BC3528C87023006E8D26 /* MovieGridCollectionViewCell.xib in Resources */,
				75C3064228C2404900CF4ACC /* LaunchScreen.storyboard in Resources */,
				75DF57DE28D9C45000342D49 /* TitleTableViewCell.xib in Resources */,
				75C3063F28C2404900CF4ACC /* Assets.xcassets in Resources */,
				753CC50228CF046000DCB070 /* SearchButtonTableViewCell.xib in Resources */,
				75C3063D28C2404800CF4ACC /* Main.storyboard in Resources */,
				75DF57E228D9C96A00342D49 /* LanguageTableViewCell.xib in Resources */,
				75DF57CD28D9C17400342D49 /* PlotTableViewCell.xib in Resources */,
				753CC4FB28CF044B00DCB070 /* SearchTextFieldTableViewCell.xib in Resources */,
				75368ECD28C33C9200B47BF8 /* MovieCollectionViewCell.xib in Resources */,
				753CC4EC28CF03DC00DCB070 /* BannerTableViewCell.xib in Resources */,
				75DF57C928D9C15A00342D49 /* PosterTableViewCell.xib in Resources */,
				75DF57C528D9C14400342D49 /* DoneButtonTableViewCell.xib in Resources */,
			);
			runOnlyForDeploymentPostprocessing = 0;
		};
		75C3064628C2404900CF4ACC /* Resources */ = {
			isa = PBXResourcesBuildPhase;
			buildActionMask = 2147483647;
			files = (
			);
			runOnlyForDeploymentPostprocessing = 0;
		};
		75C3065128C2404900CF4ACC /* Resources */ = {
			isa = PBXResourcesBuildPhase;
			buildActionMask = 2147483647;
			files = (
			);
			runOnlyForDeploymentPostprocessing = 0;
		};
/* End PBXResourcesBuildPhase section */

/* Begin PBXSourcesBuildPhase section */
		75C3062E28C2404800CF4ACC /* Sources */ = {
			isa = PBXSourcesBuildPhase;
			buildActionMask = 2147483647;
			files = (
				75DF57C828D9C15A00342D49 /* PosterTableViewCell.swift in Sources */,
				753CC4EB28CF03DC00DCB070 /* BannerTableViewCell.swift in Sources */,
				75661EBA28C3C43400E8A11D /* ItemDetailModel.swift in Sources */,
				755C3D9C28DC407A007DC943 /* TableViewCellConstans.swift in Sources */,
				753B9A1628C3DAB100DC5D07 /* FetchMovieDetails.swift in Sources */,
				75368EBB28C332EA00B47BF8 /* FetchMovies.swift in Sources */,
				75DF57EE28D9F20800342D49 /* RatingViewModel.swift in Sources */,
				75DF57E628D9F1D000342D49 /* TitleViewModel.swift in Sources */,
				75368EC528C33B3000B47BF8 /* MovieListScreen.swift in Sources */,
				75C3063628C2404800CF4ACC /* AppDelegate.swift in Sources */,
				757AA7B328DB2A2B00D50805 /* PlotHandler.swift in Sources */,
				757AA7B528DB2A3B00D50805 /* LanguageHandler.swift in Sources */,
				75DF57C428D9C14400342D49 /* DoneButtonTableViewCell.swift in Sources */,
				757AA7B128DB2A2100D50805 /* PosterHandler.swift in Sources */,
				757AA7B728DB2A4600D50805 /* RatingHandler.swift in Sources */,
				75368ECC28C33C9200B47BF8 /* MovieCollectionViewCell.swift in Sources */,
				75DF57CC28D9C17400342D49 /* PlotTableViewCell.swift in Sources */,
				75DF57C128D9C10B00342D49 /* DetailViewController.swift in Sources */,
				75368EC028C3330300B47BF8 /* MovieMax.swift in Sources */,
				757AA7AF28DB24DD00D50805 /* TitleHandler.swift in Sources */,
				75DF57EC28D9F1FB00342D49 /* LanguageViewModel.swift in Sources */,
				75DF57EA28D9F1ED00342D49 /* PlotViewModel.swift in Sources */,
				75DF57D528D9C1C900342D49 /* RatingTableViewCell.swift in Sources */,
				75DF57DD28D9C45000342D49 /* TitleTableViewCell.swift in Sources */,
				75DF57E828D9F1DB00342D49 /* PosterViewModel.swift in Sources */,
				75C3063828C2404800CF4ACC /* SceneDelegate.swift in Sources */,
				753CC4DD28CF029500DCB070 /* HomeViewController.swift in Sources */,
				753CC4FA28CF044B00DCB070 /* SearchTextFieldTableViewCell.swift in Sources */,
				75DF57E128D9C96A00342D49 /* LanguageTableViewCell.swift in Sources */,
				7543BC3428C87023006E8D26 /* MovieGridCollectionViewCell.swift in Sources */,
				75DF57D928D9C1DF00342D49 /* WatchListButtonTableViewCell.swift in Sources */,
				755DB90F28D4972900C9DE12 /* DetailViewModel.swift in Sources */,
				753CC50128CF046000DCB070 /* SearchButtonTableViewCell.swift in Sources */,
			);
			runOnlyForDeploymentPostprocessing = 0;
		};
		75C3064428C2404900CF4ACC /* Sources */ = {
			isa = PBXSourcesBuildPhase;
			buildActionMask = 2147483647;
			files = (
				75C3064D28C2404900CF4ACC /* MovieMaxTests.swift in Sources */,
			);
			runOnlyForDeploymentPostprocessing = 0;
		};
		75C3064F28C2404900CF4ACC /* Sources */ = {
			isa = PBXSourcesBuildPhase;
			buildActionMask = 2147483647;
			files = (
				75C3065828C2404900CF4ACC /* MovieMaxUITests.swift in Sources */,
			);
			runOnlyForDeploymentPostprocessing = 0;
		};
/* End PBXSourcesBuildPhase section */

/* Begin PBXTargetDependency section */
		75C3064A28C2404900CF4ACC /* PBXTargetDependency */ = {
			isa = PBXTargetDependency;
			target = 75C3063128C2404800CF4ACC /* MovieMax */;
			targetProxy = 75C3064928C2404900CF4ACC /* PBXContainerItemProxy */;
		};
		75C3065528C2404900CF4ACC /* PBXTargetDependency */ = {
			isa = PBXTargetDependency;
			target = 75C3063128C2404800CF4ACC /* MovieMax */;
			targetProxy = 75C3065428C2404900CF4ACC /* PBXContainerItemProxy */;
		};
/* End PBXTargetDependency section */

/* Begin PBXVariantGroup section */
		75C3063B28C2404800CF4ACC /* Main.storyboard */ = {
			isa = PBXVariantGroup;
			children = (
				75C3063C28C2404800CF4ACC /* Base */,
			);
			name = Main.storyboard;
			sourceTree = "<group>";
		};
		75C3064028C2404900CF4ACC /* LaunchScreen.storyboard */ = {
			isa = PBXVariantGroup;
			children = (
				75C3064128C2404900CF4ACC /* Base */,
			);
			name = LaunchScreen.storyboard;
			sourceTree = "<group>";
		};
/* End PBXVariantGroup section */

/* Begin XCBuildConfiguration section */
		75C3065A28C2404900CF4ACC /* Debug */ = {
			isa = XCBuildConfiguration;
			buildSettings = {
				ALWAYS_SEARCH_USER_PATHS = NO;
				CLANG_ANALYZER_NONNULL = YES;
				CLANG_ANALYZER_NUMBER_OBJECT_CONVERSION = YES_AGGRESSIVE;
				CLANG_CXX_LANGUAGE_STANDARD = "gnu++14";
				CLANG_CXX_LIBRARY = "libc++";
				CLANG_ENABLE_MODULES = YES;
				CLANG_ENABLE_OBJC_ARC = YES;
				CLANG_ENABLE_OBJC_WEAK = YES;
				CLANG_WARN_BLOCK_CAPTURE_AUTORELEASING = YES;
				CLANG_WARN_BOOL_CONVERSION = YES;
				CLANG_WARN_COMMA = YES;
				CLANG_WARN_CONSTANT_CONVERSION = YES;
				CLANG_WARN_DEPRECATED_OBJC_IMPLEMENTATIONS = YES;
				CLANG_WARN_DIRECT_OBJC_ISA_USAGE = YES_ERROR;
				CLANG_WARN_DOCUMENTATION_COMMENTS = YES;
				CLANG_WARN_EMPTY_BODY = YES;
				CLANG_WARN_ENUM_CONVERSION = YES;
				CLANG_WARN_INFINITE_RECURSION = YES;
				CLANG_WARN_INT_CONVERSION = YES;
				CLANG_WARN_NON_LITERAL_NULL_CONVERSION = YES;
				CLANG_WARN_OBJC_IMPLICIT_RETAIN_SELF = YES;
				CLANG_WARN_OBJC_LITERAL_CONVERSION = YES;
				CLANG_WARN_OBJC_ROOT_CLASS = YES_ERROR;
				CLANG_WARN_QUOTED_INCLUDE_IN_FRAMEWORK_HEADER = YES;
				CLANG_WARN_RANGE_LOOP_ANALYSIS = YES;
				CLANG_WARN_STRICT_PROTOTYPES = YES;
				CLANG_WARN_SUSPICIOUS_MOVE = YES;
				CLANG_WARN_UNGUARDED_AVAILABILITY = YES_AGGRESSIVE;
				CLANG_WARN_UNREACHABLE_CODE = YES;
				CLANG_WARN__DUPLICATE_METHOD_MATCH = YES;
				COPY_PHASE_STRIP = NO;
				DEBUG_INFORMATION_FORMAT = dwarf;
				ENABLE_STRICT_OBJC_MSGSEND = YES;
				ENABLE_TESTABILITY = YES;
				GCC_C_LANGUAGE_STANDARD = gnu11;
				GCC_DYNAMIC_NO_PIC = NO;
				GCC_NO_COMMON_BLOCKS = YES;
				GCC_OPTIMIZATION_LEVEL = 0;
				GCC_PREPROCESSOR_DEFINITIONS = (
					"DEBUG=1",
					"$(inherited)",
				);
				GCC_WARN_64_TO_32_BIT_CONVERSION = YES;
				GCC_WARN_ABOUT_RETURN_TYPE = YES_ERROR;
				GCC_WARN_UNDECLARED_SELECTOR = YES;
				GCC_WARN_UNINITIALIZED_AUTOS = YES_AGGRESSIVE;
				GCC_WARN_UNUSED_FUNCTION = YES;
				GCC_WARN_UNUSED_VARIABLE = YES;
				IPHONEOS_DEPLOYMENT_TARGET = 14.4;
				MTL_ENABLE_DEBUG_INFO = INCLUDE_SOURCE;
				MTL_FAST_MATH = YES;
				ONLY_ACTIVE_ARCH = YES;
				SDKROOT = iphoneos;
				SWIFT_ACTIVE_COMPILATION_CONDITIONS = DEBUG;
				SWIFT_OPTIMIZATION_LEVEL = "-Onone";
			};
			name = Debug;
		};
		75C3065B28C2404900CF4ACC /* Release */ = {
			isa = XCBuildConfiguration;
			buildSettings = {
				ALWAYS_SEARCH_USER_PATHS = NO;
				CLANG_ANALYZER_NONNULL = YES;
				CLANG_ANALYZER_NUMBER_OBJECT_CONVERSION = YES_AGGRESSIVE;
				CLANG_CXX_LANGUAGE_STANDARD = "gnu++14";
				CLANG_CXX_LIBRARY = "libc++";
				CLANG_ENABLE_MODULES = YES;
				CLANG_ENABLE_OBJC_ARC = YES;
				CLANG_ENABLE_OBJC_WEAK = YES;
				CLANG_WARN_BLOCK_CAPTURE_AUTORELEASING = YES;
				CLANG_WARN_BOOL_CONVERSION = YES;
				CLANG_WARN_COMMA = YES;
				CLANG_WARN_CONSTANT_CONVERSION = YES;
				CLANG_WARN_DEPRECATED_OBJC_IMPLEMENTATIONS = YES;
				CLANG_WARN_DIRECT_OBJC_ISA_USAGE = YES_ERROR;
				CLANG_WARN_DOCUMENTATION_COMMENTS = YES;
				CLANG_WARN_EMPTY_BODY = YES;
				CLANG_WARN_ENUM_CONVERSION = YES;
				CLANG_WARN_INFINITE_RECURSION = YES;
				CLANG_WARN_INT_CONVERSION = YES;
				CLANG_WARN_NON_LITERAL_NULL_CONVERSION = YES;
				CLANG_WARN_OBJC_IMPLICIT_RETAIN_SELF = YES;
				CLANG_WARN_OBJC_LITERAL_CONVERSION = YES;
				CLANG_WARN_OBJC_ROOT_CLASS = YES_ERROR;
				CLANG_WARN_QUOTED_INCLUDE_IN_FRAMEWORK_HEADER = YES;
				CLANG_WARN_RANGE_LOOP_ANALYSIS = YES;
				CLANG_WARN_STRICT_PROTOTYPES = YES;
				CLANG_WARN_SUSPICIOUS_MOVE = YES;
				CLANG_WARN_UNGUARDED_AVAILABILITY = YES_AGGRESSIVE;
				CLANG_WARN_UNREACHABLE_CODE = YES;
				CLANG_WARN__DUPLICATE_METHOD_MATCH = YES;
				COPY_PHASE_STRIP = NO;
				DEBUG_INFORMATION_FORMAT = "dwarf-with-dsym";
				ENABLE_NS_ASSERTIONS = NO;
				ENABLE_STRICT_OBJC_MSGSEND = YES;
				GCC_C_LANGUAGE_STANDARD = gnu11;
				GCC_NO_COMMON_BLOCKS = YES;
				GCC_WARN_64_TO_32_BIT_CONVERSION = YES;
				GCC_WARN_ABOUT_RETURN_TYPE = YES_ERROR;
				GCC_WARN_UNDECLARED_SELECTOR = YES;
				GCC_WARN_UNINITIALIZED_AUTOS = YES_AGGRESSIVE;
				GCC_WARN_UNUSED_FUNCTION = YES;
				GCC_WARN_UNUSED_VARIABLE = YES;
				IPHONEOS_DEPLOYMENT_TARGET = 14.4;
				MTL_ENABLE_DEBUG_INFO = NO;
				MTL_FAST_MATH = YES;
				SDKROOT = iphoneos;
				SWIFT_COMPILATION_MODE = wholemodule;
				SWIFT_OPTIMIZATION_LEVEL = "-O";
				VALIDATE_PRODUCT = YES;
			};
			name = Release;
		};
		75C3065D28C2404900CF4ACC /* Debug */ = {
			isa = XCBuildConfiguration;
			buildSettings = {
				ASSETCATALOG_COMPILER_APPICON_NAME = AppIcon;
				ASSETCATALOG_COMPILER_GLOBAL_ACCENT_COLOR_NAME = AccentColor;
				CODE_SIGN_STYLE = Automatic;
				INFOPLIST_FILE = MovieMax/Info.plist;
				LD_RUNPATH_SEARCH_PATHS = (
					"$(inherited)",
					"@executable_path/Frameworks",
				);
				PRODUCT_BUNDLE_IDENTIFIER = com.practice.MovieMax;
				PRODUCT_NAME = "$(TARGET_NAME)";
				SWIFT_VERSION = 5.0;
				TARGETED_DEVICE_FAMILY = "1,2";
			};
			name = Debug;
		};
		75C3065E28C2404900CF4ACC /* Release */ = {
			isa = XCBuildConfiguration;
			buildSettings = {
				ASSETCATALOG_COMPILER_APPICON_NAME = AppIcon;
				ASSETCATALOG_COMPILER_GLOBAL_ACCENT_COLOR_NAME = AccentColor;
				CODE_SIGN_STYLE = Automatic;
				INFOPLIST_FILE = MovieMax/Info.plist;
				LD_RUNPATH_SEARCH_PATHS = (
					"$(inherited)",
					"@executable_path/Frameworks",
				);
				PRODUCT_BUNDLE_IDENTIFIER = com.practice.MovieMax;
				PRODUCT_NAME = "$(TARGET_NAME)";
				SWIFT_VERSION = 5.0;
				TARGETED_DEVICE_FAMILY = "1,2";
			};
			name = Release;
		};
		75C3066028C2404900CF4ACC /* Debug */ = {
			isa = XCBuildConfiguration;
			buildSettings = {
				ALWAYS_EMBED_SWIFT_STANDARD_LIBRARIES = YES;
				BUNDLE_LOADER = "$(TEST_HOST)";
				CODE_SIGN_STYLE = Automatic;
				INFOPLIST_FILE = MovieMaxTests/Info.plist;
				IPHONEOS_DEPLOYMENT_TARGET = 14.4;
				LD_RUNPATH_SEARCH_PATHS = (
					"$(inherited)",
					"@executable_path/Frameworks",
					"@loader_path/Frameworks",
				);
				PRODUCT_BUNDLE_IDENTIFIER = com.practice.MovieMaxTests;
				PRODUCT_NAME = "$(TARGET_NAME)";
				SWIFT_VERSION = 5.0;
				TARGETED_DEVICE_FAMILY = "1,2";
				TEST_HOST = "$(BUILT_PRODUCTS_DIR)/MovieMax.app/MovieMax";
			};
			name = Debug;
		};
		75C3066128C2404900CF4ACC /* Release */ = {
			isa = XCBuildConfiguration;
			buildSettings = {
				ALWAYS_EMBED_SWIFT_STANDARD_LIBRARIES = YES;
				BUNDLE_LOADER = "$(TEST_HOST)";
				CODE_SIGN_STYLE = Automatic;
				INFOPLIST_FILE = MovieMaxTests/Info.plist;
				IPHONEOS_DEPLOYMENT_TARGET = 14.4;
				LD_RUNPATH_SEARCH_PATHS = (
					"$(inherited)",
					"@executable_path/Frameworks",
					"@loader_path/Frameworks",
				);
				PRODUCT_BUNDLE_IDENTIFIER = com.practice.MovieMaxTests;
				PRODUCT_NAME = "$(TARGET_NAME)";
				SWIFT_VERSION = 5.0;
				TARGETED_DEVICE_FAMILY = "1,2";
				TEST_HOST = "$(BUILT_PRODUCTS_DIR)/MovieMax.app/MovieMax";
			};
			name = Release;
		};
		75C3066328C2404900CF4ACC /* Debug */ = {
			isa = XCBuildConfiguration;
			buildSettings = {
				ALWAYS_EMBED_SWIFT_STANDARD_LIBRARIES = YES;
				CODE_SIGN_STYLE = Automatic;
				INFOPLIST_FILE = MovieMaxUITests/Info.plist;
				LD_RUNPATH_SEARCH_PATHS = (
					"$(inherited)",
					"@executable_path/Frameworks",
					"@loader_path/Frameworks",
				);
				PRODUCT_BUNDLE_IDENTIFIER = com.practice.MovieMaxUITests;
				PRODUCT_NAME = "$(TARGET_NAME)";
				SWIFT_VERSION = 5.0;
				TARGETED_DEVICE_FAMILY = "1,2";
				TEST_TARGET_NAME = MovieMax;
			};
			name = Debug;
		};
		75C3066428C2404900CF4ACC /* Release */ = {
			isa = XCBuildConfiguration;
			buildSettings = {
				ALWAYS_EMBED_SWIFT_STANDARD_LIBRARIES = YES;
				CODE_SIGN_STYLE = Automatic;
				INFOPLIST_FILE = MovieMaxUITests/Info.plist;
				LD_RUNPATH_SEARCH_PATHS = (
					"$(inherited)",
					"@executable_path/Frameworks",
					"@loader_path/Frameworks",
				);
				PRODUCT_BUNDLE_IDENTIFIER = com.practice.MovieMaxUITests;
				PRODUCT_NAME = "$(TARGET_NAME)";
				SWIFT_VERSION = 5.0;
				TARGETED_DEVICE_FAMILY = "1,2";
				TEST_TARGET_NAME = MovieMax;
			};
			name = Release;
		};
/* End XCBuildConfiguration section */

/* Begin XCConfigurationList section */
		75C3062D28C2404800CF4ACC /* Build configuration list for PBXProject "MovieMax" */ = {
			isa = XCConfigurationList;
			buildConfigurations = (
				75C3065A28C2404900CF4ACC /* Debug */,
				75C3065B28C2404900CF4ACC /* Release */,
			);
			defaultConfigurationIsVisible = 0;
			defaultConfigurationName = Release;
		};
		75C3065C28C2404900CF4ACC /* Build configuration list for PBXNativeTarget "MovieMax" */ = {
			isa = XCConfigurationList;
			buildConfigurations = (
				75C3065D28C2404900CF4ACC /* Debug */,
				75C3065E28C2404900CF4ACC /* Release */,
			);
			defaultConfigurationIsVisible = 0;
			defaultConfigurationName = Release;
		};
		75C3065F28C2404900CF4ACC /* Build configuration list for PBXNativeTarget "MovieMaxTests" */ = {
			isa = XCConfigurationList;
			buildConfigurations = (
				75C3066028C2404900CF4ACC /* Debug */,
				75C3066128C2404900CF4ACC /* Release */,
			);
			defaultConfigurationIsVisible = 0;
			defaultConfigurationName = Release;
		};
		75C3066228C2404900CF4ACC /* Build configuration list for PBXNativeTarget "MovieMaxUITests" */ = {
			isa = XCConfigurationList;
			buildConfigurations = (
				75C3066328C2404900CF4ACC /* Debug */,
				75C3066428C2404900CF4ACC /* Release */,
			);
			defaultConfigurationIsVisible = 0;
			defaultConfigurationName = Release;
		};
/* End XCConfigurationList section */
	};
	rootObject = 75C3062A28C2404800CF4ACC /* Project object */;
}
